<?xml version="1.0" encoding="utf-8"?>
<Project ToolsVersion="4.0" xmlns="http://schemas.microsoft.com/developer/msbuild/2003">
  <ItemGroup>
    <Filter Include="Resource Files">
      <UniqueIdentifier>{67DA6AB6-F800-4c08-8B7A-83BB121AAD01}</UniqueIdentifier>
      <Extensions>rc;ico;cur;bmp;dlg;rc2;rct;bin;rgs;gif;jpg;jpeg;jpe;resx;tiff;tif;png;wav;mfcribbon-ms</Extensions>
    </Filter>
    <Filter Include="source">
      <UniqueIdentifier>{41a97ca4-7ee9-4174-8811-567d50071bb4}</UniqueIdentifier>
    </Filter>
    <Filter Include="workflows">
      <UniqueIdentifier>{e4219350-bd48-4d2a-b743-a054109951cd}</UniqueIdentifier>
    </Filter>
  </ItemGroup>
  <ItemGroup>
    <ClCompile Include="source\main.cpp">
      <Filter>source</Filter>
    </ClCompile>
    <ClCompile Include="source\window.cpp">
      <Filter>source</Filter>
    </ClCompile>
    <ClCompile Include="source\window_actions.cpp">
      <Filter>source</Filter>
    </ClCompile>
  </ItemGroup>
  <ItemGroup>
    <ClInclude Include="source\window.h">
      <Filter>source</Filter>
    </ClInclude>
    <ClInclude Include="source\text_compare_type.h">
      <Filter>source</Filter>
    </ClInclude>
    <ClInclude Include="source\window_actions.h">
      <Filter>source</Filter>
    </ClInclude>
  </ItemGroup>
  <ItemGroup>
    <None Include=".github\workflows\build.yml">
      <Filter>workflows</Filter>
    </None>
    <None Include=".github\workflows\release-please.yml">
      <Filter>workflows</Filter>
    </None>
    <None Include=".github\workflows\test.yml">
      <Filter>workflows</Filter>
    </None>
  </ItemGroup>
</Project>